
Microsoft Visual Studio Solution File, Format Version 12.00
# Visual Studio Version 17
VisualStudioVersion = 17.13.35825.156 d17.13
MinimumVisualStudioVersion = 10.0.40219.1
Project("{FAE04EC0-301F-11D3-BF4B-00C04F79EFBC}") = "PosyanduBalita", "PosyanduBalita\PosyanduBalita.csproj", "{D381A865-9F22-4908-9DBD-ECF6C72E21DE}"
EndProject
Global
	GlobalSection(SolutionConfigurationPlatforms) = preSolution
		Debug|Any CPU = Debug|Any CPU
		Release|Any CPU = Release|Any CPU
	EndGlobalSection
	GlobalSection(ProjectConfigurationPlatforms) = postSolution
		{D381A865-9F22-4908-9DBD-ECF6C72E21DE}.Debug|Any CPU.ActiveCfg = Debug|Any CPU
		{D381A865-9F22-4908-9DBD-ECF6C72E21DE}.Debug|Any CPU.Build.0 = Debug|Any CPU
		{D381A865-9F22-4908-9DBD-ECF6C72E21DE}.Release|Any CPU.ActiveCfg = Release|Any CPU
		{D381A865-9F22-4908-9DBD-ECF6C72E21DE}.Release|Any CPU.Build.0 = Release|Any CPU
	EndGlobalSection
	GlobalSection(SolutionProperties) = preSolution
		HideSolutionNode = FALSE
	EndGlobalSection
	GlobalSection(ExtensibilityGlobals) = postSolution
		SolutionGuid = {67EBF4FC-6E85-4C72-9990-7CF6D9CA9ABC}
	EndGlobalSection
EndGlobal
